
Microsoft Visual Studio Solution File, Format Version 12.00
# Visual Studio Version 17
VisualStudioVersion = 17.10.35201.131
MinimumVisualStudioVersion = 10.0.40219.1
Project("{FAE04EC0-301F-11D3-BF4B-00C04F79EFBC}") = "Ludo", "Ludo\Ludo.csproj", "{8117A9FE-D474-4CB2-AA04-81DC7F5ECDDC}"
EndProject
Global
	GlobalSection(SolutionConfigurationPlatforms) = preSolution
		Debug|Any CPU = Debug|Any CPU
		Release|Any CPU = Release|Any CPU
	EndGlobalSection
	GlobalSection(ProjectConfigurationPlatforms) = postSolution
		{8117A9FE-D474-4CB2-AA04-81DC7F5ECDDC}.Debug|Any CPU.ActiveCfg = Debug|Any CPU
		{8117A9FE-D474-4CB2-AA04-81DC7F5ECDDC}.Debug|Any CPU.Build.0 = Debug|Any CPU
		{8117A9FE-D474-4CB2-AA04-81DC7F5ECDDC}.Release|Any CPU.ActiveCfg = Release|Any CPU
		{8117A9FE-D474-4CB2-AA04-81DC7F5ECDDC}.Release|Any CPU.Build.0 = Release|Any CPU
	EndGlobalSection
	GlobalSection(SolutionProperties) = preSolution
		HideSolutionNode = FALSE
	EndGlobalSection
	GlobalSection(ExtensibilityGlobals) = postSolution
		SolutionGuid = {ACFAA73E-6993-4FB6-BACB-3030AE9A22D8}
	EndGlobalSection
EndGlobal
